
Microsoft Visual Studio Solution File, Format Version 12.00
# Visual Studio Version 18
VisualStudioVersion = 18.4.11620.152
MinimumVisualStudioVersion = 10.0.40219.1
Project("{FAE04EC0-301F-11D3-BF4B-00C04F79EFBC}") = "PrismaApi.Api", "PrismaApi.Api\PrismaApi.Api.csproj", "{D642B543-628D-4C4D-82F4-A865C84E45C2}"
	ProjectSection(ProjectDependencies) = postProject
		{75794791-D940-4BEE-B64A-EA890BBCF6F8} = {75794791-D940-4BEE-B64A-EA890BBCF6F8}
		{B46DA679-7B73-4032-BA16-B9F80348F6C9} = {B46DA679-7B73-4032-BA16-B9F80348F6C9}
	EndProjectSection
EndProject
Project("{FAE04EC0-301F-11D3-BF4B-00C04F79EFBC}") = "PrismaApi.Application", "PrismaApi.Application\PrismaApi.Application.csproj", "{75794791-D940-4BEE-B64A-EA890BBCF6F8}"
	ProjectSection(ProjectDependencies) = postProject
		{37211616-7876-4FA9-8F1B-40D28A5137A0} = {37211616-7876-4FA9-8F1B-40D28A5137A0}
		{B46DA679-7B73-4032-BA16-B9F80348F6C9} = {B46DA679-7B73-4032-BA16-B9F80348F6C9}
	EndProjectSection
EndProject
Project("{FAE04EC0-301F-11D3-BF4B-00C04F79EFBC}") = "PrismaApi.Domain", "PrismaApi.Domain\PrismaApi.Domain.csproj", "{B46DA679-7B73-4032-BA16-B9F80348F6C9}"
EndProject
Project("{FAE04EC0-301F-11D3-BF4B-00C04F79EFBC}") = "PrismaApi.Infrastructure", "PrismaApi.Infrastructure\PrismaApi.Infrastructure.csproj", "{37211616-7876-4FA9-8F1B-40D28A5137A0}"
	ProjectSection(ProjectDependencies) = postProject
		{B46DA679-7B73-4032-BA16-B9F80348F6C9} = {B46DA679-7B73-4032-BA16-B9F80348F6C9}
	EndProjectSection
EndProject
Project("{FAE04EC0-301F-11D3-BF4B-00C04F79EFBC}") = "PrismaApi.Test", "PrismaApi.Test\PrismaApi.Test.csproj", "{DE2A2E88-651A-4208-AE5E-3CC5D0820D1D}"
	ProjectSection(ProjectDependencies) = postProject
		{37211616-7876-4FA9-8F1B-40D28A5137A0} = {37211616-7876-4FA9-8F1B-40D28A5137A0}
		{75794791-D940-4BEE-B64A-EA890BBCF6F8} = {75794791-D940-4BEE-B64A-EA890BBCF6F8}
		{B46DA679-7B73-4032-BA16-B9F80348F6C9} = {B46DA679-7B73-4032-BA16-B9F80348F6C9}
		{D642B543-628D-4C4D-82F4-A865C84E45C2} = {D642B543-628D-4C4D-82F4-A865C84E45C2}
	EndProjectSection
EndProject
Project("{FAE04EC0-301F-11D3-BF4B-00C04F79EFBC}") = "SqlServerMigrations", "SqlServerMigrations\SqlServerMigrations.csproj", "{E305450E-FD42-4694-A669-37483665BB81}"
EndProject
Project("{FAE04EC0-301F-11D3-BF4B-00C04F79EFBC}") = "SqliteMigrations", "SqliteMigrations\SqliteMigrations.csproj", "{3BFBA452-5B2A-4565-A9DE-D2AEC3C9C118}"
EndProject
Global
	GlobalSection(SolutionConfigurationPlatforms) = preSolution
		Debug|Any CPU = Debug|Any CPU
		Release|Any CPU = Release|Any CPU
	EndGlobalSection
	GlobalSection(ProjectConfigurationPlatforms) = postSolution
		{D642B543-628D-4C4D-82F4-A865C84E45C2}.Debug|Any CPU.ActiveCfg = Debug|Any CPU
		{D642B543-628D-4C4D-82F4-A865C84E45C2}.Debug|Any CPU.Build.0 = Debug|Any CPU
		{D642B543-628D-4C4D-82F4-A865C84E45C2}.Release|Any CPU.ActiveCfg = Release|Any CPU
		{D642B543-628D-4C4D-82F4-A865C84E45C2}.Release|Any CPU.Build.0 = Release|Any CPU
		{75794791-D940-4BEE-B64A-EA890BBCF6F8}.Debug|Any CPU.ActiveCfg = Debug|Any CPU
		{75794791-D940-4BEE-B64A-EA890BBCF6F8}.Debug|Any CPU.Build.0 = Debug|Any CPU
		{75794791-D940-4BEE-B64A-EA890BBCF6F8}.Release|Any CPU.ActiveCfg = Release|Any CPU
		{75794791-D940-4BEE-B64A-EA890BBCF6F8}.Release|Any CPU.Build.0 = Release|Any CPU
		{B46DA679-7B73-4032-BA16-B9F80348F6C9}.Debug|Any CPU.ActiveCfg = Debug|Any CPU
		{B46DA679-7B73-4032-BA16-B9F80348F6C9}.Debug|Any CPU.Build.0 = Debug|Any CPU
		{B46DA679-7B73-4032-BA16-B9F80348F6C9}.Release|Any CPU.ActiveCfg = Release|Any CPU
		{B46DA679-7B73-4032-BA16-B9F80348F6C9}.Release|Any CPU.Build.0 = Release|Any CPU
		{37211616-7876-4FA9-8F1B-40D28A5137A0}.Debug|Any CPU.ActiveCfg = Debug|Any CPU
		{37211616-7876-4FA9-8F1B-40D28A5137A0}.Debug|Any CPU.Build.0 = Debug|Any CPU
		{37211616-7876-4FA9-8F1B-40D28A5137A0}.Release|Any CPU.ActiveCfg = Release|Any CPU
		{37211616-7876-4FA9-8F1B-40D28A5137A0}.Release|Any CPU.Build.0 = Release|Any CPU
		{DE2A2E88-651A-4208-AE5E-3CC5D0820D1D}.Debug|Any CPU.ActiveCfg = Debug|Any CPU
		{DE2A2E88-651A-4208-AE5E-3CC5D0820D1D}.Debug|Any CPU.Build.0 = Debug|Any CPU
		{DE2A2E88-651A-4208-AE5E-3CC5D0820D1D}.Release|Any CPU.ActiveCfg = Release|Any CPU
		{DE2A2E88-651A-4208-AE5E-3CC5D0820D1D}.Release|Any CPU.Build.0 = Release|Any CPU
		{E305450E-FD42-4694-A669-37483665BB81}.Debug|Any CPU.ActiveCfg = Debug|Any CPU
		{E305450E-FD42-4694-A669-37483665BB81}.Debug|Any CPU.Build.0 = Debug|Any CPU
		{E305450E-FD42-4694-A669-37483665BB81}.Release|Any CPU.ActiveCfg = Release|Any CPU
		{E305450E-FD42-4694-A669-37483665BB81}.Release|Any CPU.Build.0 = Release|Any CPU
		{3BFBA452-5B2A-4565-A9DE-D2AEC3C9C118}.Debug|Any CPU.ActiveCfg = Debug|Any CPU
		{3BFBA452-5B2A-4565-A9DE-D2AEC3C9C118}.Debug|Any CPU.Build.0 = Debug|Any CPU
		{3BFBA452-5B2A-4565-A9DE-D2AEC3C9C118}.Release|Any CPU.ActiveCfg = Release|Any CPU
		{3BFBA452-5B2A-4565-A9DE-D2AEC3C9C118}.Release|Any CPU.Build.0 = Release|Any CPU
	EndGlobalSection
	GlobalSection(SolutionProperties) = preSolution
		HideSolutionNode = FALSE
	EndGlobalSection
	GlobalSection(ExtensibilityGlobals) = postSolution
		SolutionGuid = {915A33EB-2652-4E02-A664-7FBF3C51ABBF}
	EndGlobalSection
EndGlobal
